
Microsoft Visual Studio Solution File, Format Version 12.00
# Visual Studio Version 17
VisualStudioVersion = 17.10.35122.118
MinimumVisualStudioVersion = 10.0.40219.1
Project("{9A19103F-16F7-4668-BE54-9A1E7A4F7556}") = "Game1377_Exercises", "Game1377_Exercises\Game1377_Exercises.csproj", "{9F04BF4A-5445-4CAC-91A5-54790B9AFFF3}"
EndProject
Project("{FAE04EC0-301F-11D3-BF4B-00C04F79EFBC}") = "Ex3", "Ex3\Ex3.csproj", "{1D60FE8B-DF05-45F2-9150-D47797A7A32D}"
EndProject
Global
	GlobalSection(SolutionConfigurationPlatforms) = preSolution
		Debug|Any CPU = Debug|Any CPU
		Release|Any CPU = Release|Any CPU
	EndGlobalSection
	GlobalSection(ProjectConfigurationPlatforms) = postSolution
		{9F04BF4A-5445-4CAC-91A5-54790B9AFFF3}.Debug|Any CPU.ActiveCfg = Debug|Any CPU
		{9F04BF4A-5445-4CAC-91A5-54790B9AFFF3}.Debug|Any CPU.Build.0 = Debug|Any CPU
		{9F04BF4A-5445-4CAC-91A5-54790B9AFFF3}.Release|Any CPU.ActiveCfg = Release|Any CPU
		{9F04BF4A-5445-4CAC-91A5-54790B9AFFF3}.Release|Any CPU.Build.0 = Release|Any CPU
		{1D60FE8B-DF05-45F2-9150-D47797A7A32D}.Debug|Any CPU.ActiveCfg = Debug|Any CPU
		{1D60FE8B-DF05-45F2-9150-D47797A7A32D}.Debug|Any CPU.Build.0 = Debug|Any CPU
		{1D60FE8B-DF05-45F2-9150-D47797A7A32D}.Release|Any CPU.ActiveCfg = Release|Any CPU
		{1D60FE8B-DF05-45F2-9150-D47797A7A32D}.Release|Any CPU.Build.0 = Release|Any CPU
	EndGlobalSection
	GlobalSection(SolutionProperties) = preSolution
		HideSolutionNode = FALSE
	EndGlobalSection
	GlobalSection(ExtensibilityGlobals) = postSolution
		SolutionGuid = {3B7CED3B-F1D1-4ADF-922D-0B5F701C5E65}
	EndGlobalSection
EndGlobal
